PODS:
  - Alamofire (5.5.0)
  - ApiRTCSDK (1.0.7):
    - Alamofire (= 5.5.0)
    - CocoaAsyncSocket (= 7.6.5)
    - Connectivity (= 5.0.0)
    - GoogleWebRTC (= 1.1.31999)
    - ReactorKit (= 3.2.0)
    - Resolver (= 1.5.0)
    - RxRelay (= 6.5.0)
    - RxSwift (= 6.5.0)
    - Socket.IO-Client-Swift (= 16.0.1)
  - CocoaAsyncSocket (7.6.5)
  - Connectivity (5.0.0)
  - Eureka (5.3.4)
  - GoogleWebRTC (1.1.31999)
  - ReactorKit (3.2.0):
    - RxSwift (~> 6.0)
    - WeakMapTable (~> 1.1)
  - Resolver (1.5.0)
  - RxRelay (6.5.0):
    - RxSwift (= 6.5.0)
  - RxSwift (6.5.0)
  - SnapKit (5.0.1)
  - Socket.IO-Client-Swift (16.0.1):
    - Starscream (~> 4.0)
  - Starscream (4.0.4)
  - SwiftMessages (9.0.6):
    - SwiftMessages/App (= 9.0.6)
  - SwiftMessages/App (9.0.6)
  - WeakMapTable (1.2.0)

DEPENDENCIES:
  - ApiRTCSDK (= 1.0.7)
  - Eureka (= 5.3.4)
  - SnapKit (= 5.0.1)
  - SwiftMessages (= 9.0.6)

SPEC REPOS:
  trunk:
    - Alamofire
    - ApiRTCSDK
    - CocoaAsyncSocket
    - Connectivity
    - Eureka
    - GoogleWebRTC
    - ReactorKit
    - Resolver
    - RxRelay
    - RxSwift
    - SnapKit
    - Socket.IO-Client-Swift
    - Starscream
    - SwiftMessages
    - WeakMapTable

SPEC CHECKSUMS:
  Alamofire: 1c4fb5369c3fe93d2857c780d8bbe09f06f97e7c
  ApiRTCSDK: 2700708e13c211bfb5413c52b003b7f0363203f9
  CocoaAsyncSocket: 065fd1e645c7abab64f7a6a2007a48038fdc6a99
  Connectivity: e990703fb8d8db54649ea05facac92000cc0f3eb
  Eureka: 60cf058f86a8fb3ed26165ba5292b9850361b0a6
  GoogleWebRTC: b39a78c4f5cc6b0323415b9233db03a2faa7b0f0
  ReactorKit: e8b11d6b9c415405f381669b095c154a05b59eca
  Resolver: 68984624572763018fd8ec7b8e3e8df0e3b6bba5
  RxRelay: 1de1523e604c72b6c68feadedd1af3b1b4d0ecbd
  RxSwift: 5710a9e6b17f3c3d6e40d6e559b9fa1e813b2ef8
  SnapKit: 97b92857e3df3a0c71833cce143274bf6ef8e5eb
  Socket.IO-Client-Swift: c116d6dc9fd6be9c259bacfe143f8725bce7d79e
  Starscream: 5178aed56b316f13fa3bc55694e583d35dd414d9
  SwiftMessages: f0c7ef4705a570ad6c5e208b611f4333e660ed92
  WeakMapTable: 05c694ce8439a7a9ebabb56187287a63c57673d6

PODFILE CHECKSUM: c28737e11cb6f81a7ec49afb60491d890f38c47f

COCOAPODS: 1.11.2
